
Microsoft Visual Studio Solution File, Format Version 11.00
# Visual Studio 2010
Project("{FAE04EC0-301F-11D3-BF4B-00C04F79EFBC}") = "RymdSkjutare", "RymdSkjutare\RymdSkjutare\RymdSkjutare.csproj", "{73983D89-2C56-4F8C-8330-C56E7AF7091F}"
EndProject
Project("{96E2B04D-8817-42C6-938A-82C39BA4D311}") = "RymdSkjutareContent", "RymdSkjutare\RymdSkjutareContent\RymdSkjutareContent.contentproj", "{603C5C44-E8AA-4DD7-9C1E-0F2524089084}"
EndProject
Global
	GlobalSection(SolutionConfigurationPlatforms) = preSolution
		Debug|x86 = Debug|x86
		Release|x86 = Release|x86
	EndGlobalSection
	GlobalSection(ProjectConfigurationPlatforms) = postSolution
		{73983D89-2C56-4F8C-8330-C56E7AF7091F}.Debug|x86.ActiveCfg = Debug|x86
		{73983D89-2C56-4F8C-8330-C56E7AF7091F}.Debug|x86.Build.0 = Debug|x86
		{73983D89-2C56-4F8C-8330-C56E7AF7091F}.Release|x86.ActiveCfg = Release|x86
		{73983D89-2C56-4F8C-8330-C56E7AF7091F}.Release|x86.Build.0 = Release|x86
		{603C5C44-E8AA-4DD7-9C1E-0F2524089084}.Debug|x86.ActiveCfg = Debug|x86
		{603C5C44-E8AA-4DD7-9C1E-0F2524089084}.Release|x86.ActiveCfg = Release|x86
	EndGlobalSection
	GlobalSection(SolutionProperties) = preSolution
		HideSolutionNode = FALSE
	EndGlobalSection
EndGlobal
